
Microsoft Visual Studio Solution File, Format Version 12.00
# Visual Studio Version 16
VisualStudioVersion = 16.0.28729.10
MinimumVisualStudioVersion = 10.0.40219.1
Project("{9A19103F-16F7-4668-BE54-9A1E7A4F7556}") = "ReadCSV", "ReadCSV\ReadCSV.csproj", "{C82708F8-2F59-4BB5-A6C0-5C34725E39BC}"
EndProject
Project("{FAE04EC0-301F-11D3-BF4B-00C04F79EFBC}") = "ReadCSV.Contracts", "ReadCSV.Contracts\ReadCSV.Contracts.csproj", "{1B87E23A-DE6A-4C83-8FCA-6E9044745DF5}"
EndProject
Project("{FAE04EC0-301F-11D3-BF4B-00C04F79EFBC}") = "ReadCSV.Test", "ReadCSV.Test\ReadCSV.Test.csproj", "{8DED9D01-5EE6-4495-8451-C4DB885FEA4F}"
EndProject
Global
	GlobalSection(SolutionConfigurationPlatforms) = preSolution
		Debug|Any CPU = Debug|Any CPU
		Release|Any CPU = Release|Any CPU
	EndGlobalSection
	GlobalSection(ProjectConfigurationPlatforms) = postSolution
		{C82708F8-2F59-4BB5-A6C0-5C34725E39BC}.Debug|Any CPU.ActiveCfg = Debug|Any CPU
		{C82708F8-2F59-4BB5-A6C0-5C34725E39BC}.Debug|Any CPU.Build.0 = Debug|Any CPU
		{C82708F8-2F59-4BB5-A6C0-5C34725E39BC}.Release|Any CPU.ActiveCfg = Release|Any CPU
		{C82708F8-2F59-4BB5-A6C0-5C34725E39BC}.Release|Any CPU.Build.0 = Release|Any CPU
		{1B87E23A-DE6A-4C83-8FCA-6E9044745DF5}.Debug|Any CPU.ActiveCfg = Debug|Any CPU
		{1B87E23A-DE6A-4C83-8FCA-6E9044745DF5}.Debug|Any CPU.Build.0 = Debug|Any CPU
		{1B87E23A-DE6A-4C83-8FCA-6E9044745DF5}.Release|Any CPU.ActiveCfg = Release|Any CPU
		{1B87E23A-DE6A-4C83-8FCA-6E9044745DF5}.Release|Any CPU.Build.0 = Release|Any CPU
		{8DED9D01-5EE6-4495-8451-C4DB885FEA4F}.Debug|Any CPU.ActiveCfg = Debug|Any CPU
		{8DED9D01-5EE6-4495-8451-C4DB885FEA4F}.Debug|Any CPU.Build.0 = Debug|Any CPU
		{8DED9D01-5EE6-4495-8451-C4DB885FEA4F}.Release|Any CPU.ActiveCfg = Release|Any CPU
		{8DED9D01-5EE6-4495-8451-C4DB885FEA4F}.Release|Any CPU.Build.0 = Release|Any CPU
	EndGlobalSection
	GlobalSection(SolutionProperties) = preSolution
		HideSolutionNode = FALSE
	EndGlobalSection
	GlobalSection(ExtensibilityGlobals) = postSolution
		SolutionGuid = {9A3012F6-D0A8-4113-A3B2-D7B91DC14412}
	EndGlobalSection
EndGlobal
